
Microsoft Visual Studio Solution File, Format Version 12.00
# Visual Studio Version 17
VisualStudioVersion = 17.14.36623.8 d17.14
MinimumVisualStudioVersion = 10.0.40219.1
Project("{FAE04EC0-301F-11D3-BF4B-00C04F79EFBC}") = "csharp-money-homework", "csharp-money-homework.csproj", "{A1487DBF-4409-42EB-A007-84411F8C8A7B}"
EndProject
Global
	GlobalSection(SolutionConfigurationPlatforms) = preSolution
		Debug|Any CPU = Debug|Any CPU
		Release|Any CPU = Release|Any CPU
	EndGlobalSection
	GlobalSection(ProjectConfigurationPlatforms) = postSolution
		{A1487DBF-4409-42EB-A007-84411F8C8A7B}.Debug|Any CPU.ActiveCfg = Debug|Any CPU
		{A1487DBF-4409-42EB-A007-84411F8C8A7B}.Debug|Any CPU.Build.0 = Debug|Any CPU
		{A1487DBF-4409-42EB-A007-84411F8C8A7B}.Release|Any CPU.ActiveCfg = Release|Any CPU
		{A1487DBF-4409-42EB-A007-84411F8C8A7B}.Release|Any CPU.Build.0 = Release|Any CPU
	EndGlobalSection
	GlobalSection(SolutionProperties) = preSolution
		HideSolutionNode = FALSE
	EndGlobalSection
	GlobalSection(ExtensibilityGlobals) = postSolution
		SolutionGuid = {578649E3-A70B-43E5-9367-60474F9A421F}
	EndGlobalSection
EndGlobal
